
Microsoft Visual Studio Solution File, Format Version 12.00
Project("{FAE04EC0-301F-11D3-BF4B-00C04F79EFBC}") = "Texnokaktus.ProgOlymp.YandexContestIntegrationService.DataAccess", "Texnokaktus.ProgOlymp.YandexContestIntegrationService.DataAccess\Texnokaktus.ProgOlymp.YandexContestIntegrationService.DataAccess.csproj", "{150D2CBE-6C83-4821-A37C-DB86D357CD61}"
EndProject
Project("{FAE04EC0-301F-11D3-BF4B-00C04F79EFBC}") = "Texnokaktus.ProgOlymp.YandexContestIntegrationService", "Texnokaktus.ProgOlymp.YandexContestIntegrationService\Texnokaktus.ProgOlymp.YandexContestIntegrationService.csproj", "{9FAC16B2-FB46-477E-8EB4-5339E6B8F445}"
EndProject
Project("{FAE04EC0-301F-11D3-BF4B-00C04F79EFBC}") = "Texnokaktus.ProgOlymp.Identity", "Texnokaktus.ProgOlymp.Identity\Texnokaktus.ProgOlymp.Identity.csproj", "{5FF674AB-26A1-49A2-9A9F-D0E284334FBC}"
EndProject
Project("{FAE04EC0-301F-11D3-BF4B-00C04F79EFBC}") = "Texnokaktus.ProgOlymp.YandexContestIntegrationService.Domain", "Texnokaktus.ProgOlymp.YandexContestIntegrationService.Domain\Texnokaktus.ProgOlymp.YandexContestIntegrationService.Domain.csproj", "{5BD4FA3A-3C28-4BEC-8677-918277851D08}"
EndProject
Project("{FAE04EC0-301F-11D3-BF4B-00C04F79EFBC}") = "Texnokaktus.ProgOlymp.YandexContestIntegrationService.Logic", "Texnokaktus.ProgOlymp.YandexContestIntegrationService.Logic\Texnokaktus.ProgOlymp.YandexContestIntegrationService.Logic.csproj", "{6CCF0215-C6CE-4A88-BC1E-DB0B06CC4CBB}"
EndProject
Project("{2150E333-8FDC-42A3-9474-1A3956D46DE8}") = "Common", "Common", "{603966CA-A5DC-40C1-9822-13001603C81B}"
EndProject
Project("{FAE04EC0-301F-11D3-BF4B-00C04F79EFBC}") = "Texnokaktus.ProgOlymp.Common.Contracts", "modules\Common.Contracts\Texnokaktus.ProgOlymp.Common.Contracts\Texnokaktus.ProgOlymp.Common.Contracts.csproj", "{1239C20B-1923-4759-8E21-C196140E3778}"
EndProject
Global
	GlobalSection(SolutionConfigurationPlatforms) = preSolution
		Debug|Any CPU = Debug|Any CPU
		Release|Any CPU = Release|Any CPU
	EndGlobalSection
	GlobalSection(ProjectConfigurationPlatforms) = postSolution
		{150D2CBE-6C83-4821-A37C-DB86D357CD61}.Debug|Any CPU.ActiveCfg = Debug|Any CPU
		{150D2CBE-6C83-4821-A37C-DB86D357CD61}.Debug|Any CPU.Build.0 = Debug|Any CPU
		{150D2CBE-6C83-4821-A37C-DB86D357CD61}.Release|Any CPU.ActiveCfg = Release|Any CPU
		{150D2CBE-6C83-4821-A37C-DB86D357CD61}.Release|Any CPU.Build.0 = Release|Any CPU
		{9FAC16B2-FB46-477E-8EB4-5339E6B8F445}.Debug|Any CPU.ActiveCfg = Debug|Any CPU
		{9FAC16B2-FB46-477E-8EB4-5339E6B8F445}.Debug|Any CPU.Build.0 = Debug|Any CPU
		{9FAC16B2-FB46-477E-8EB4-5339E6B8F445}.Release|Any CPU.ActiveCfg = Release|Any CPU
		{9FAC16B2-FB46-477E-8EB4-5339E6B8F445}.Release|Any CPU.Build.0 = Release|Any CPU
		{5FF674AB-26A1-49A2-9A9F-D0E284334FBC}.Debug|Any CPU.ActiveCfg = Debug|Any CPU
		{5FF674AB-26A1-49A2-9A9F-D0E284334FBC}.Debug|Any CPU.Build.0 = Debug|Any CPU
		{5FF674AB-26A1-49A2-9A9F-D0E284334FBC}.Release|Any CPU.ActiveCfg = Release|Any CPU
		{5FF674AB-26A1-49A2-9A9F-D0E284334FBC}.Release|Any CPU.Build.0 = Release|Any CPU
		{5BD4FA3A-3C28-4BEC-8677-918277851D08}.Debug|Any CPU.ActiveCfg = Debug|Any CPU
		{5BD4FA3A-3C28-4BEC-8677-918277851D08}.Debug|Any CPU.Build.0 = Debug|Any CPU
		{5BD4FA3A-3C28-4BEC-8677-918277851D08}.Release|Any CPU.ActiveCfg = Release|Any CPU
		{5BD4FA3A-3C28-4BEC-8677-918277851D08}.Release|Any CPU.Build.0 = Release|Any CPU
		{6CCF0215-C6CE-4A88-BC1E-DB0B06CC4CBB}.Debug|Any CPU.ActiveCfg = Debug|Any CPU
		{6CCF0215-C6CE-4A88-BC1E-DB0B06CC4CBB}.Debug|Any CPU.Build.0 = Debug|Any CPU
		{6CCF0215-C6CE-4A88-BC1E-DB0B06CC4CBB}.Release|Any CPU.ActiveCfg = Release|Any CPU
		{6CCF0215-C6CE-4A88-BC1E-DB0B06CC4CBB}.Release|Any CPU.Build.0 = Release|Any CPU
		{1239C20B-1923-4759-8E21-C196140E3778}.Debug|Any CPU.ActiveCfg = Debug|Any CPU
		{1239C20B-1923-4759-8E21-C196140E3778}.Debug|Any CPU.Build.0 = Debug|Any CPU
		{1239C20B-1923-4759-8E21-C196140E3778}.Release|Any CPU.ActiveCfg = Release|Any CPU
		{1239C20B-1923-4759-8E21-C196140E3778}.Release|Any CPU.Build.0 = Release|Any CPU
	EndGlobalSection
	GlobalSection(NestedProjects) = preSolution
		{1239C20B-1923-4759-8E21-C196140E3778} = {603966CA-A5DC-40C1-9822-13001603C81B}
	EndGlobalSection
EndGlobal
